// !$*UTF8*$!
{
	archiveVersion = 1;
	classes = {
	};
	objectVersion = 56;
	objects = {

/* Begin PBXBuildFile section */
		38D87C5E2CDE432600DE0411 /* AppDelegate.swift in Sources */ = {isa = PBXBuildFile; fileRef = 38D87C5D2CDE432600DE0411 /* AppDelegate.swift */; };
		38D87C602CDE432600DE0411 /* SceneDelegate.swift in Sources */ = {isa = PBXBuildFile; fileRef = 38D87C5F2CDE432600DE0411 /* SceneDelegate.swift */; };
		38D87C622CDE432600DE0411 /* ViewController.swift in Sources */ = {isa = PBXBuildFile; fileRef = 38D87C612CDE432600DE0411 /* ViewController.swift */; };
		38D87C652CDE432600DE0411 /* Base in Resources */ = {isa = PBXBuildFile; fileRef = 38D87C642CDE432600DE0411 /* Base */; };
		38D87C682CDE432600DE0411 /* Table_View2.xcdatamodeld in Sources */ = {isa = PBXBuildFile; fileRef = 38D87C662CDE432600DE0411 /* Table_View2.xcdatamodeld */; };
		38D87C6A2CDE432800DE0411 /* Assets.xcassets in Resources */ = {isa = PBXBuildFile; fileRef = 38D87C692CDE432800DE0411 /* Assets.xcassets */; };
		38D87C6D2CDE432800DE0411 /* Base in Resources */ = {isa = PBXBuildFile; fileRef = 38D87C6C2CDE432800DE0411 /* Base */; };
		38D87C782CDE432800DE0411 /* Table_View2Tests.swift in Sources */ = {isa = PBXBuildFile; fileRef = 38D87C772CDE432800DE0411 /* Table_View2Tests.swift */; };
		38D87C822CDE432900DE0411 /* Table_View2UITests.swift in Sources */ = {isa = PBXBuildFile; fileRef = 38D87C812CDE432900DE0411 /* Table_View2UITests.swift */; };
		38D87C842CDE432900DE0411 /* Table_View2UITestsLaunchTests.swift in Sources */ = {isa = PBXBuildFile; fileRef = 38D87C832CDE432900DE0411 /* Table_View2UITestsLaunchTests.swift */; };
/* End PBXBuildFile section */

/* Begin PBXContainerItemProxy section */
		38D87C742CDE432800DE0411 /* PBXContainerItemProxy */ = {
			isa = PBXContainerItemProxy;
			containerPortal = 38D87C522CDE432600DE0411 /* Project object */;
			proxyType = 1;
			remoteGlobalIDString = 38D87C592CDE432600DE0411;
			remoteInfo = "Table View2";
		};
		38D87C7E2CDE432800DE0411 /* PBXContainerItemProxy */ = {
			isa = PBXContainerItemProxy;
			containerPortal = 38D87C522CDE432600DE0411 /* Project object */;
			proxyType = 1;
			remoteGlobalIDString = 38D87C592CDE432600DE0411;
			remoteInfo = "Table View2";
		};
/* End PBXContainerItemProxy section */

/* Begin PBXFileReference section */
		38D87C5A2CDE432600DE0411 /* Table View2.app */ = {isa = PBXFileReference; explicitFileType = wrapper.application; includeInIndex = 0; path = "Table View2.app"; sourceTree = BUILT_PRODUCTS_DIR; };
		38D87C5D2CDE432600DE0411 /* AppDelegate.swift */ = {isa = PBXFileReference; lastKnownFileType = sourcecode.swift; path = AppDelegate.swift; sourceTree = "<group>"; };
		38D87C5F2CDE432600DE0411 /* SceneDelegate.swift */ = {isa = PBXFileReference; lastKnownFileType = sourcecode.swift; path = SceneDelegate.swift; sourceTree = "<group>"; };
		38D87C612CDE432600DE0411 /* ViewController.swift */ = {isa = PBXFileReference; lastKnownFileType = sourcecode.swift; path = ViewController.swift; sourceTree = "<group>"; };
		38D87C642CDE432600DE0411 /* Base */ = {isa = PBXFileReference; lastKnownFileType = file.storyboard; name = Base; path = Base.lproj/Main.storyboard; sourceTree = "<group>"; };
		38D87C672CDE432600DE0411 /* Table_View2.xcdatamodel */ = {isa = PBXFileReference; lastKnownFileType = wrapper.xcdatamodel; path = Table_View2.xcdatamodel; sourceTree = "<group>"; };
		38D87C692CDE432800DE0411 /* Assets.xcassets */ = {isa = PBXFileReference; lastKnownFileType = folder.assetcatalog; path = Assets.xcassets; sourceTree = "<group>"; };
		38D87C6C2CDE432800DE0411 /* Base */ = {isa = PBXFileReference; lastKnownFileType = file.storyboard; name = Base; path = Base.lproj/LaunchScreen.storyboard; sourceTree = "<group>"; };
		38D87C6E2CDE432800DE0411 /* Info.plist */ = {isa = PBXFileReference; lastKnownFileType = text.plist.xml; path = Info.plist; sourceTree = "<group>"; };
		38D87C732CDE432800DE0411 /* Table View2Tests.xctest */ = {isa = PBXFileReference; explicitFileType = wrapper.cfbundle; includeInIndex = 0; path = "Table View2Tests.xctest"; sourceTree = BUILT_PRODUCTS_DIR; };
		38D87C772CDE432800DE0411 /* Table_View2Tests.swift */ = {isa = PBXFileReference; lastKnownFileType = sourcecode.swift; path = Table_View2Tests.swift; sourceTree = "<group>"; };
		38D87C7D2CDE432800DE0411 /* Table View2UITests.xctest */ = {isa = PBXFileReference; explicitFileType = wrapper.cfbundle; includeInIndex = 0; path = "Table View2UITests.xctest"; sourceTree = BUILT_PRODUCTS_DIR; };
		38D87C812CDE432900DE0411 /* Table_View2UITests.swift */ = {isa = PBXFileReference; lastKnownFileType = sourcecode.swift; path = Table_View2UITests.swift; sourceTree = "<group>"; };
		38D87C832CDE432900DE0411 /* Table_View2UITestsLaunchTests.swift */ = {isa = PBXFileReference; lastKnownFileType = sourcecode.swift; path = Table_View2UITestsLaunchTests.swift; sourceTree = "<group>"; };
/* End PBXFileReference section */

/* Begin PBXFrameworksBuildPhase section */
		38D87C572CDE432600DE0411 /* Frameworks */ = {
			isa = PBXFrameworksBuildPhase;
			buildActionMask = 2147483647;
			files = (
			);
			runOnlyForDeploymentPostprocessing = 0;
		};
		38D87C702CDE432800DE0411 /* Frameworks */ = {
			isa = PBXFrameworksBuildPhase;
			buildActionMask = 2147483647;
			files = (
			);
			runOnlyForDeploymentPostprocessing = 0;
		};
		38D87C7A2CDE432800DE0411 /* Frameworks */ = {
			isa = PBXFrameworksBuildPhase;
			buildActionMask = 2147483647;
			files = (
			);
			runOnlyForDeploymentPostprocessing = 0;
		};
/* End PBXFrameworksBuildPhase section */

/* Begin PBXGroup section */
		38D87C512CDE432600DE0411 = {
			isa = PBXGroup;
			children = (
				38D87C5C2CDE432600DE0411 /* Table View2 */,
				38D87C762CDE432800DE0411 /* Table View2Tests */,
				38D87C802CDE432800DE0411 /* Table View2UITests */,
				38D87C5B2CDE432600DE0411 /* Products */,
			);
			sourceTree = "<group>";
		};
		38D87C5B2CDE432600DE0411 /* Products */ = {
			isa = PBXGroup;
			children = (
				38D87C5A2CDE432600DE0411 /* Table View2.app */,
				38D87C732CDE432800DE0411 /* Table View2Tests.xctest */,
				38D87C7D2CDE432800DE0411 /* Table View2UITests.xctest */,
			);
			name = Products;
			sourceTree = "<group>";
		};
		38D87C5C2CDE432600DE0411 /* Table View2 */ = {
			isa = PBXGroup;
			children = (
				38D87C5D2CDE432600DE0411 /* AppDelegate.swift */,
				38D87C5F2CDE432600DE0411 /* SceneDelegate.swift */,
				38D87C612CDE432600DE0411 /* ViewController.swift */,
				38D87C632CDE432600DE0411 /* Main.storyboard */,
				38D87C692CDE432800DE0411 /* Assets.xcassets */,
				38D87C6B2CDE432800DE0411 /* LaunchScreen.storyboard */,
				38D87C6E2CDE432800DE0411 /* Info.plist */,
				38D87C662CDE432600DE0411 /* Table_View2.xcdatamodeld */,
			);
			path = "Table View2";
			sourceTree = "<group>";
		};
		38D87C762CDE432800DE0411 /* Table View2Tests */ = {
			isa = PBXGroup;
			children = (
				38D87C772CDE432800DE0411 /* Table_View2Tests.swift */,
			);
			path = "Table View2Tests";
			sourceTree = "<group>";
		};
		38D87C802CDE432800DE0411 /* Table View2UITests */ = {
			isa = PBXGroup;
			children = (
				38D87C812CDE432900DE0411 /* Table_View2UITests.swift */,
				38D87C832CDE432900DE0411 /* Table_View2UITestsLaunchTests.swift */,
			);
			path = "Table View2UITests";
			sourceTree = "<group>";
		};
/* End PBXGroup section */

/* Begin PBXNativeTarget section */
		38D87C592CDE432600DE0411 /* Table View2 */ = {
			isa = PBXNativeTarget;
			buildConfigurationList = 38D87C872CDE432900DE0411 /* Build configuration list for PBXNativeTarget "Table View2" */;
			buildPhases = (
				38D87C562CDE432600DE0411 /* Sources */,
				38D87C572CDE432600DE0411 /* Frameworks */,
				38D87C582CDE432600DE0411 /* Resources */,
			);
			buildRules = (
			);
			dependencies = (
			);
			name = "Table View2";
			productName = "Table View2";
			productReference = 38D87C5A2CDE432600DE0411 /* Table View2.app */;
			productType = "com.apple.product-type.application";
		};
		38D87C722CDE432800DE0411 /* Table View2Tests */ = {
			isa = PBXNativeTarget;
			buildConfigurationList = 38D87C8A2CDE432900DE0411 /* Build configuration list for PBXNativeTarget "Table View2Tests" */;
			buildPhases = (
				38D87C6F2CDE432800DE0411 /* Sources */,
				38D87C702CDE432800DE0411 /* Frameworks */,
				38D87C712CDE432800DE0411 /* Resources */,
			);
			buildRules = (
			);
			dependencies = (
				38D87C752CDE432800DE0411 /* PBXTargetDependency */,
			);
			name = "Table View2Tests";
			productName = "Table View2Tests";
			productReference = 38D87C732CDE432800DE0411 /* Table View2Tests.xctest */;
			productType = "com.apple.product-type.bundle.unit-test";
		};
		38D87C7C2CDE432800DE0411 /* Table View2UITests */ = {
			isa = PBXNativeTarget;
			buildConfigurationList = 38D87C8D2CDE432900DE0411 /* Build configuration list for PBXNativeTarget "Table View2UITests" */;
			buildPhases = (
				38D87C792CDE432800DE0411 /* Sources */,
				38D87C7A2CDE432800DE0411 /* Frameworks */,
				38D87C7B2CDE432800DE0411 /* Resources */,
			);
			buildRules = (
			);
			dependencies = (
				38D87C7F2CDE432800DE0411 /* PBXTargetDependency */,
			);
			name = "Table View2UITests";
			productName = "Table View2UITests";
			productReference = 38D87C7D2CDE432800DE0411 /* Table View2UITests.xctest */;
			productType = "com.apple.product-type.bundle.ui-testing";
		};
/* End PBXNativeTarget section */

/* Begin PBXProject section */
		38D87C522CDE432600DE0411 /* Project object */ = {
			isa = PBXProject;
			attributes = {
				BuildIndependentTargetsInParallel = 1;
				LastSwiftUpdateCheck = 1540;
				LastUpgradeCheck = 1540;
				TargetAttributes = {
					38D87C592CDE432600DE0411 = {
						CreatedOnToolsVersion = 15.4;
					};
					38D87C722CDE432800DE0411 = {
						CreatedOnToolsVersion = 15.4;
						TestTargetID = 38D87C592CDE432600DE0411;
					};
					38D87C7C2CDE432800DE0411 = {
						CreatedOnToolsVersion = 15.4;
						TestTargetID = 38D87C592CDE432600DE0411;
					};
				};
			};
			buildConfigurationList = 38D87C552CDE432600DE0411 /* Build configuration list for PBXProject "Table View2" */;
			compatibilityVersion = "Xcode 14.0";
			developmentRegion = en;
			hasScannedForEncodings = 0;
			knownRegions = (
				en,
				Base,
			);
			mainGroup = 38D87C512CDE432600DE0411;
			productRefGroup = 38D87C5B2CDE432600DE0411 /* Products */;
			projectDirPath = "";
			projectRoot = "";
			targets = (
				38D87C592CDE432600DE0411 /* Table View2 */,
				38D87C722CDE432800DE0411 /* Table View2Tests */,
				38D87C7C2CDE432800DE0411 /* Table View2UITests */,
			);
		};
/* End PBXProject section */

/* Begin PBXResourcesBuildPhase section */
		38D87C582CDE432600DE0411 /* Resources */ = {
			isa = PBXResourcesBuildPhase;
			buildActionMask = 2147483647;
			files = (
				38D87C6A2CDE432800DE0411 /* Assets.xcassets in Resources */,
				38D87C6D2CDE432800DE0411 /* Base in Resources */,
				38D87C652CDE432600DE0411 /* Base in Resources */,
			);
			runOnlyForDeploymentPostprocessing = 0;
		};
		38D87C712CDE432800DE0411 /* Resources */ = {
			isa = PBXResourcesBuildPhase;
			buildActionMask = 2147483647;
			files = (
			);
			runOnlyForDeploymentPostprocessing = 0;
		};
		38D87C7B2CDE432800DE0411 /* Resources */ = {
			isa = PBXResourcesBuildPhase;
			buildActionMask = 2147483647;
			files = (
			);
			runOnlyForDeploymentPostprocessing = 0;
		};
/* End PBXResourcesBuildPhase section */

/* Begin PBXSourcesBuildPhase section */
		38D87C562CDE432600DE0411 /* Sources */ = {
			isa = PBXSourcesBuildPhase;
			buildActionMask = 2147483647;
			files = (
				38D87C682CDE432600DE0411 /* Table_View2.xcdatamodeld in Sources */,
				38D87C622CDE432600DE0411 /* ViewController.swift in Sources */,
				38D87C5E2CDE432600DE0411 /* AppDelegate.swift in Sources */,
				38D87C602CDE432600DE0411 /* SceneDelegate.swift in Sources */,
			);
			runOnlyForDeploymentPostprocessing = 0;
		};
		38D87C6F2CDE432800DE0411 /* Sources */ = {
			isa = PBXSourcesBuildPhase;
			buildActionMask = 2147483647;
			files = (
				38D87C782CDE432800DE0411 /* Table_View2Tests.swift in Sources */,
			);
			runOnlyForDeploymentPostprocessing = 0;
		};
		38D87C792CDE432800DE0411 /* Sources */ = {
			isa = PBXSourcesBuildPhase;
			buildActionMask = 2147483647;
			files = (
				38D87C822CDE432900DE0411 /* Table_View2UITests.swift in Sources */,
				38D87C842CDE432900DE0411 /* Table_View2UITestsLaunchTests.swift in Sources */,
			);
			runOnlyForDeploymentPostprocessing = 0;
		};
/* End PBXSourcesBuildPhase section */

/* Begin PBXTargetDependency section */
		38D87C752CDE432800DE0411 /* PBXTargetDependency */ = {
			isa = PBXTargetDependency;
			target = 38D87C592CDE432600DE0411 /* Table View2 */;
			targetProxy = 38D87C742CDE432800DE0411 /* PBXContainerItemProxy */;
		};
		38D87C7F2CDE432800DE0411 /* PBXTargetDependency */ = {
			isa = PBXTargetDependency;
			target = 38D87C592CDE432600DE0411 /* Table View2 */;
			targetProxy = 38D87C7E2CDE432800DE0411 /* PBXContainerItemProxy */;
		};
/* End PBXTargetDependency section */

/* Begin PBXVariantGroup section */
		38D87C632CDE432600DE0411 /* Main.storyboard */ = {
			isa = PBXVariantGroup;
			children = (
				38D87C642CDE432600DE0411 /* Base */,
			);
			name = Main.storyboard;
			sourceTree = "<group>";
		};
		38D87C6B2CDE432800DE0411 /* LaunchScreen.storyboard */ = {
			isa = PBXVariantGroup;
			children = (
				38D87C6C2CDE432800DE0411 /* Base */,
			);
			name = LaunchScreen.storyboard;
			sourceTree = "<group>";
		};
/* End PBXVariantGroup section */

/* Begin XCBuildConfiguration section */
		38D87C852CDE432900DE0411 /* Debug */ = {
			isa = XCBuildConfiguration;
			buildSettings = {
				ALWAYS_SEARCH_USER_PATHS = NO;
				ASSETCATALOG_COMPILER_GENERATE_SWIFT_ASSET_SYMBOL_EXTENSIONS = YES;
				CLANG_ANALYZER_NONNULL = YES;
				CLANG_ANALYZER_NUMBER_OBJECT_CONVERSION = YES_AGGRESSIVE;
				CLANG_CXX_LANGUAGE_STANDARD = "gnu++20";
				CLANG_ENABLE_MODULES = YES;
				CLANG_ENABLE_OBJC_ARC = YES;
				CLANG_ENABLE_OBJC_WEAK = YES;
				CLANG_WARN_BLOCK_CAPTURE_AUTORELEASING = YES;
				CLANG_WARN_BOOL_CONVERSION = YES;
				CLANG_WARN_COMMA = YES;
				CLANG_WARN_CONSTANT_CONVERSION = YES;
				CLANG_WARN_DEPRECATED_OBJC_IMPLEMENTATIONS = YES;
				CLANG_WARN_DIRECT_OBJC_ISA_USAGE = YES_ERROR;
				CLANG_WARN_DOCUMENTATION_COMMENTS = YES;
				CLANG_WARN_EMPTY_BODY = YES;
				CLANG_WARN_ENUM_CONVERSION = YES;
				CLANG_WARN_INFINITE_RECURSION = YES;
				CLANG_WARN_INT_CONVERSION = YES;
				CLANG_WARN_NON_LITERAL_NULL_CONVERSION = YES;
				CLANG_WARN_OBJC_IMPLICIT_RETAIN_SELF = YES;
				CLANG_WARN_OBJC_LITERAL_CONVERSION = YES;
				CLANG_WARN_OBJC_ROOT_CLASS = YES_ERROR;
				CLANG_WARN_QUOTED_INCLUDE_IN_FRAMEWORK_HEADER = YES;
				CLANG_WARN_RANGE_LOOP_ANALYSIS = YES;
				CLANG_WARN_STRICT_PROTOTYPES = YES;
				CLANG_WARN_SUSPICIOUS_MOVE = YES;
				CLANG_WARN_UNGUARDED_AVAILABILITY = YES_AGGRESSIVE;
				CLANG_WARN_UNREACHABLE_CODE = YES;
				CLANG_WARN__DUPLICATE_METHOD_MATCH = YES;
				COPY_PHASE_STRIP = NO;
				DEBUG_INFORMATION_FORMAT = dwarf;
				ENABLE_STRICT_OBJC_MSGSEND = YES;
				ENABLE_TESTABILITY = YES;
				ENABLE_USER_SCRIPT_SANDBOXING = YES;
				GCC_C_LANGUAGE_STANDARD = gnu17;
				GCC_DYNAMIC_NO_PIC = NO;
				GCC_NO_COMMON_BLOCKS = YES;
				GCC_OPTIMIZATION_LEVEL = 0;
				GCC_PREPROCESSOR_DEFINITIONS = (
					"DEBUG=1",
					"$(inherited)",
				);
				GCC_WARN_64_TO_32_BIT_CONVERSION = YES;
				GCC_WARN_ABOUT_RETURN_TYPE = YES_ERROR;
				GCC_WARN_UNDECLARED_SELECTOR = YES;
				GCC_WARN_UNINITIALIZED_AUTOS = YES_AGGRESSIVE;
				GCC_WARN_UNUSED_FUNCTION = YES;
				GCC_WARN_UNUSED_VARIABLE = YES;
				IPHONEOS_DEPLOYMENT_TARGET = 17.5;
				LOCALIZATION_PREFERS_STRING_CATALOGS = YES;
				MTL_ENABLE_DEBUG_INFO = INCLUDE_SOURCE;
				MTL_FAST_MATH = YES;
				ONLY_ACTIVE_ARCH = YES;
				SDKROOT = iphoneos;
				SWIFT_ACTIVE_COMPILATION_CONDITIONS = "DEBUG $(inherited)";
				SWIFT_OPTIMIZATION_LEVEL = "-Onone";
			};
			name = Debug;
		};
		38D87C862CDE432900DE0411 /* Release */ = {
			isa = XCBuildConfiguration;
			buildSettings = {
				ALWAYS_SEARCH_USER_PATHS = NO;
				ASSETCATALOG_COMPILER_GENERATE_SWIFT_ASSET_SYMBOL_EXTENSIONS = YES;
				CLANG_ANALYZER_NONNULL = YES;
				CLANG_ANALYZER_NUMBER_OBJECT_CONVERSION = YES_AGGRESSIVE;
				CLANG_CXX_LANGUAGE_STANDARD = "gnu++20";
				CLANG_ENABLE_MODULES = YES;
				CLANG_ENABLE_OBJC_ARC = YES;
				CLANG_ENABLE_OBJC_WEAK = YES;
				CLANG_WARN_BLOCK_CAPTURE_AUTORELEASING = YES;
				CLANG_WARN_BOOL_CONVERSION = YES;
				CLANG_WARN_COMMA = YES;
				CLANG_WARN_CONSTANT_CONVERSION = YES;
				CLANG_WARN_DEPRECATED_OBJC_IMPLEMENTATIONS = YES;
				CLANG_WARN_DIRECT_OBJC_ISA_USAGE = YES_ERROR;
				CLANG_WARN_DOCUMENTATION_COMMENTS = YES;
				CLANG_WARN_EMPTY_BODY = YES;
				CLANG_WARN_ENUM_CONVERSION = YES;
				CLANG_WARN_INFINITE_RECURSION = YES;
				CLANG_WARN_INT_CONVERSION = YES;
				CLANG_WARN_NON_LITERAL_NULL_CONVERSION = YES;
				CLANG_WARN_OBJC_IMPLICIT_RETAIN_SELF = YES;
				CLANG_WARN_OBJC_LITERAL_CONVERSION = YES;
				CLANG_WARN_OBJC_ROOT_CLASS = YES_ERROR;
				CLANG_WARN_QUOTED_INCLUDE_IN_FRAMEWORK_HEADER = YES;
				CLANG_WARN_RANGE_LOOP_ANALYSIS = YES;
				CLANG_WARN_STRICT_PROTOTYPES = YES;
				CLANG_WARN_SUSPICIOUS_MOVE = YES;
				CLANG_WARN_UNGUARDED_AVAILABILITY = YES_AGGRESSIVE;
				CLANG_WARN_UNREACHABLE_CODE = YES;
				CLANG_WARN__DUPLICATE_METHOD_MATCH = YES;
				COPY_PHASE_STRIP = NO;
				DEBUG_INFORMATION_FORMAT = "dwarf-with-dsym";
				ENABLE_NS_ASSERTIONS = NO;
				ENABLE_STRICT_OBJC_MSGSEND = YES;
				ENABLE_USER_SCRIPT_SANDBOXING = YES;
				GCC_C_LANGUAGE_STANDARD = gnu17;
				GCC_NO_COMMON_BLOCKS = YES;
				GCC_WARN_64_TO_32_BIT_CONVERSION = YES;
				GCC_WARN_ABOUT_RETURN_TYPE = YES_ERROR;
				GCC_WARN_UNDECLARED_SELECTOR = YES;
				GCC_WARN_UNINITIALIZED_AUTOS = YES_AGGRESSIVE;
				GCC_WARN_UNUSED_FUNCTION = YES;
				GCC_WARN_UNUSED_VARIABLE = YES;
				IPHONEOS_DEPLOYMENT_TARGET = 17.5;
				LOCALIZATION_PREFERS_STRING_CATALOGS = YES;
				MTL_ENABLE_DEBUG_INFO = NO;
				MTL_FAST_MATH = YES;
				SDKROOT = iphoneos;
				SWIFT_COMPILATION_MODE = wholemodule;
				VALIDATE_PRODUCT = YES;
			};
			name = Release;
		};
		38D87C882CDE432900DE0411 /* Debug */ = {
			isa = XCBuildConfiguration;
			buildSettings = {
				ASSETCATALOG_COMPILER_APPICON_NAME = AppIcon;
				ASSETCATALOG_COMPILER_GLOBAL_ACCENT_COLOR_NAME = AccentColor;
				CODE_SIGN_STYLE = Automatic;
				CURRENT_PROJECT_VERSION = 1;
				GENERATE_INFOPLIST_FILE = YES;
				INFOPLIST_FILE = "Table View2/Info.plist";
				INFOPLIST_KEY_UIApplicationSupportsIndirectInputEvents = YES;
				INFOPLIST_KEY_UILaunchStoryboardName = LaunchScreen;
				INFOPLIST_KEY_UIMainStoryboardFile = Main;
				INFOPLIST_KEY_UISupportedInterfaceOrientations_iPad = "UIInterfaceOrientationPortrait UIInterfaceOrientationPortraitUpsideDown UIInterfaceOrientationLandscapeLeft UIInterfaceOrientationLandscapeRight";
				INFOPLIST_KEY_UISupportedInterfaceOrientations_iPhone = "UIInterfaceOrientationPortrait UIInterfaceOrientationLandscapeLeft UIInterfaceOrientationLandscapeRight";
				LD_RUNPATH_SEARCH_PATHS = (
					"$(inherited)",
					"@executable_path/Frameworks",
				);
				MARKETING_VERSION = 1.0;
				PRODUCT_BUNDLE_IDENTIFIER = "D.Table-View2";
				PRODUCT_NAME = "$(TARGET_NAME)";
				SWIFT_EMIT_LOC_STRINGS = YES;
				SWIFT_VERSION = 5.0;
				TARGETED_DEVICE_FAMILY = "1,2";
			};
			name = Debug;
		};
		38D87C892CDE432900DE0411 /* Release */ = {
			isa = XCBuildConfiguration;
			buildSettings = {
				ASSETCATALOG_COMPILER_APPICON_NAME = AppIcon;
				ASSETCATALOG_COMPILER_GLOBAL_ACCENT_COLOR_NAME = AccentColor;
				CODE_SIGN_STYLE = Automatic;
				CURRENT_PROJECT_VERSION = 1;
				GENERATE_INFOPLIST_FILE = YES;
				INFOPLIST_FILE = "Table View2/Info.plist";
				INFOPLIST_KEY_UIApplicationSupportsIndirectInputEvents = YES;
				INFOPLIST_KEY_UILaunchStoryboardName = LaunchScreen;
				INFOPLIST_KEY_UIMainStoryboardFile = Main;
				INFOPLIST_KEY_UISupportedInterfaceOrientations_iPad = "UIInterfaceOrientationPortrait UIInterfaceOrientationPortraitUpsideDown UIInterfaceOrientationLandscapeLeft UIInterfaceOrientationLandscapeRight";
				INFOPLIST_KEY_UISupportedInterfaceOrientations_iPhone = "UIInterfaceOrientationPortrait UIInterfaceOrientationLandscapeLeft UIInterfaceOrientationLandscapeRight";
				LD_RUNPATH_SEARCH_PATHS = (
					"$(inherited)",
					"@executable_path/Frameworks",
				);
				MARKETING_VERSION = 1.0;
				PRODUCT_BUNDLE_IDENTIFIER = "D.Table-View2";
				PRODUCT_NAME = "$(TARGET_NAME)";
				SWIFT_EMIT_LOC_STRINGS = YES;
				SWIFT_VERSION = 5.0;
				TARGETED_DEVICE_FAMILY = "1,2";
			};
			name = Release;
		};
		38D87C8B2CDE432900DE0411 /* Debug */ = {
			isa = XCBuildConfiguration;
			buildSettings = {
				ALWAYS_EMBED_SWIFT_STANDARD_LIBRARIES = YES;
				BUNDLE_LOADER = "$(TEST_HOST)";
				CODE_SIGN_STYLE = Automatic;
				CURRENT_PROJECT_VERSION = 1;
				GENERATE_INFOPLIST_FILE = YES;
				IPHONEOS_DEPLOYMENT_TARGET = 17.5;
				MARKETING_VERSION = 1.0;
				PRODUCT_BUNDLE_IDENTIFIER = "D.Table-View2Tests";
				PRODUCT_NAME = "$(TARGET_NAME)";
				SWIFT_EMIT_LOC_STRINGS = NO;
				SWIFT_VERSION = 5.0;
				TARGETED_DEVICE_FAMILY = "1,2";
				TEST_HOST = "$(BUILT_PRODUCTS_DIR)/Table View2.app/$(BUNDLE_EXECUTABLE_FOLDER_PATH)/Table View2";
			};
			name = Debug;
		};
		38D87C8C2CDE432900DE0411 /* Release */ = {
			isa = XCBuildConfiguration;
			buildSettings = {
				ALWAYS_EMBED_SWIFT_STANDARD_LIBRARIES = YES;
				BUNDLE_LOADER = "$(TEST_HOST)";
				CODE_SIGN_STYLE = Automatic;
				CURRENT_PROJECT_VERSION = 1;
				GENERATE_INFOPLIST_FILE = YES;
				IPHONEOS_DEPLOYMENT_TARGET = 17.5;
				MARKETING_VERSION = 1.0;
				PRODUCT_BUNDLE_IDENTIFIER = "D.Table-View2Tests";
				PRODUCT_NAME = "$(TARGET_NAME)";
				SWIFT_EMIT_LOC_STRINGS = NO;
				SWIFT_VERSION = 5.0;
				TARGETED_DEVICE_FAMILY = "1,2";
				TEST_HOST = "$(BUILT_PRODUCTS_DIR)/Table View2.app/$(BUNDLE_EXECUTABLE_FOLDER_PATH)/Table View2";
			};
			name = Release;
		};
		38D87C8E2CDE432900DE0411 /* Debug */ = {
			isa = XCBuildConfiguration;
			buildSettings = {
				ALWAYS_EMBED_SWIFT_STANDARD_LIBRARIES = YES;
				CODE_SIGN_STYLE = Automatic;
				CURRENT_PROJECT_VERSION = 1;
				GENERATE_INFOPLIST_FILE = YES;
				MARKETING_VERSION = 1.0;
				PRODUCT_BUNDLE_IDENTIFIER = "D.Table-View2UITests";
				PRODUCT_NAME = "$(TARGET_NAME)";
				SWIFT_EMIT_LOC_STRINGS = NO;
				SWIFT_VERSION = 5.0;
				TARGETED_DEVICE_FAMILY = "1,2";
				TEST_TARGET_NAME = "Table View2";
			};
			name = Debug;
		};
		38D87C8F2CDE432900DE0411 /* Release */ = {
			isa = XCBuildConfiguration;
			buildSettings = {
				ALWAYS_EMBED_SWIFT_STANDARD_LIBRARIES = YES;
				CODE_SIGN_STYLE = Automatic;
				CURRENT_PROJECT_VERSION = 1;
				GENERATE_INFOPLIST_FILE = YES;
				MARKETING_VERSION = 1.0;
				PRODUCT_BUNDLE_IDENTIFIER = "D.Table-View2UITests";
				PRODUCT_NAME = "$(TARGET_NAME)";
				SWIFT_EMIT_LOC_STRINGS = NO;
				SWIFT_VERSION = 5.0;
				TARGETED_DEVICE_FAMILY = "1,2";
				TEST_TARGET_NAME = "Table View2";
			};
			name = Release;
		};
/* End XCBuildConfiguration section */

/* Begin XCConfigurationList section */
		38D87C552CDE432600DE0411 /* Build configuration list for PBXProject "Table View2" */ = {
			isa = XCConfigurationList;
			buildConfigurations = (
				38D87C852CDE432900DE0411 /* Debug */,
				38D87C862CDE432900DE0411 /* Release */,
			);
			defaultConfigurationIsVisible = 0;
			defaultConfigurationName = Release;
		};
		38D87C872CDE432900DE0411 /* Build configuration list for PBXNativeTarget "Table View2" */ = {
			isa = XCConfigurationList;
			buildConfigurations = (
				38D87C882CDE432900DE0411 /* Debug */,
				38D87C892CDE432900DE0411 /* Release */,
			);
			defaultConfigurationIsVisible = 0;
			defaultConfigurationName = Release;
		};
		38D87C8A2CDE432900DE0411 /* Build configuration list for PBXNativeTarget "Table View2Tests" */ = {
			isa = XCConfigurationList;
			buildConfigurations = (
				38D87C8B2CDE432900DE0411 /* Debug */,
				38D87C8C2CDE432900DE0411 /* Release */,
			);
			defaultConfigurationIsVisible = 0;
			defaultConfigurationName = Release;
		};
		38D87C8D2CDE432900DE0411 /* Build configuration list for PBXNativeTarget "Table View2UITests" */ = {
			isa = XCConfigurationList;
			buildConfigurations = (
				38D87C8E2CDE432900DE0411 /* Debug */,
				38D87C8F2CDE432900DE0411 /* Release */,
			);
			defaultConfigurationIsVisible = 0;
			defaultConfigurationName = Release;
		};
/* End XCConfigurationList section */

/* Begin XCVersionGroup section */
		38D87C662CDE432600DE0411 /* Table_View2.xcdatamodeld */ = {
			isa = XCVersionGroup;
			children = (
				38D87C672CDE432600DE0411 /* Table_View2.xcdatamodel */,
			);
			currentVersion = 38D87C672CDE432600DE0411 /* Table_View2.xcdatamodel */;
			path = Table_View2.xcdatamodeld;
			sourceTree = "<group>";
			versionGroupType = wrapper.xcdatamodel;
		};
/* End XCVersionGroup section */
	};
	rootObject = 38D87C522CDE432600DE0411 /* Project object */;
}
